
Microsoft Visual Studio Solution File, Format Version 12.00
# Visual Studio Version 17
VisualStudioVersion = 17.10.35122.118
MinimumVisualStudioVersion = 10.0.40219.1
Project("{FAE04EC0-301F-11D3-BF4B-00C04F79EFBC}") = "SOLIDSamples", "SOLIDSamples\SOLIDSamples.csproj", "{01642197-CFA2-4FBC-AB00-651202490B6E}"
EndProject
Global
	GlobalSection(SolutionConfigurationPlatforms) = preSolution
		Debug|Any CPU = Debug|Any CPU
		Release|Any CPU = Release|Any CPU
	EndGlobalSection
	GlobalSection(ProjectConfigurationPlatforms) = postSolution
		{01642197-CFA2-4FBC-AB00-651202490B6E}.Debug|Any CPU.ActiveCfg = Debug|Any CPU
		{01642197-CFA2-4FBC-AB00-651202490B6E}.Debug|Any CPU.Build.0 = Debug|Any CPU
		{01642197-CFA2-4FBC-AB00-651202490B6E}.Release|Any CPU.ActiveCfg = Release|Any CPU
		{01642197-CFA2-4FBC-AB00-651202490B6E}.Release|Any CPU.Build.0 = Release|Any CPU
	EndGlobalSection
	GlobalSection(SolutionProperties) = preSolution
		HideSolutionNode = FALSE
	EndGlobalSection
	GlobalSection(ExtensibilityGlobals) = postSolution
		SolutionGuid = {ED1CBCB8-D2FF-44F3-9892-20B42954B898}
	EndGlobalSection
EndGlobal
